// !$*UTF8*$!
{
	archiveVersion = 1;
	classes = {
	};
	objectVersion = 55;
	objects = {

/* Begin PBXBuildFile section */
		1F3EC0388D31BAF80795A628 /* Pods_ReadingHaracoon.framework in Frameworks */ = {isa = PBXBuildFile; fileRef = 17C37A518852E7C6594E9BE6 /* Pods_ReadingHaracoon.framework */; };
		8E012E582B9F61F800DF7512 /* Normal14Label.swift in Sources */ = {isa = PBXBuildFile; fileRef = 8E012E572B9F61F800DF7512 /* Normal14Label.swift */; };
		8E012E5A2B9F6B2100DF7512 /* RecommendSection.swift in Sources */ = {isa = PBXBuildFile; fileRef = 8E012E592B9F6B2100DF7512 /* RecommendSection.swift */; };
		8E012E5C2B9F7D7A00DF7512 /* BookImageView.swift in Sources */ = {isa = PBXBuildFile; fileRef = 8E012E5B2B9F7D7A00DF7512 /* BookImageView.swift */; };
		8E012E6B2BA01DB000DF7512 /* TransitionDetailBook.swift in Sources */ = {isa = PBXBuildFile; fileRef = 8E012E6A2BA01DB000DF7512 /* TransitionDetailBook.swift */; };
		8E012E6D2BA01F7000DF7512 /* 2번째.png in Resources */ = {isa = PBXBuildFile; fileRef = 8E012E6C2BA01F7000DF7512 /* 2번째.png */; };
		8E012E6F2BA0403700DF7512 /* CustomModalView.swift in Sources */ = {isa = PBXBuildFile; fileRef = 8E012E6E2BA0403700DF7512 /* CustomModalView.swift */; };
		8E012E732BA09F0700DF7512 /* BlockView.swift in Sources */ = {isa = PBXBuildFile; fileRef = 8E012E722BA09F0700DF7512 /* BlockView.swift */; };
		8E012E752BA0B25200DF7512 /* CustomPresentationController.swift in Sources */ = {isa = PBXBuildFile; fileRef = 8E012E742BA0B25200DF7512 /* CustomPresentationController.swift */; };
		8E012E7A2BA0C04900DF7512 /* CustomTransitioningDelegate.swift in Sources */ = {isa = PBXBuildFile; fileRef = 8E012E792BA0C04900DF7512 /* CustomTransitioningDelegate.swift */; };
		8E012E7C2BA0C1DC00DF7512 /* StorageModalViewController.swift in Sources */ = {isa = PBXBuildFile; fileRef = 8E012E7B2BA0C1DC00DF7512 /* StorageModalViewController.swift */; };
		8E012E7E2BA0C22500DF7512 /* StorageModalView.swift in Sources */ = {isa = PBXBuildFile; fileRef = 8E012E7D2BA0C22500DF7512 /* StorageModalView.swift */; };
		8E012E842BA1EC2300DF7512 /* NotificationName.swift in Sources */ = {isa = PBXBuildFile; fileRef = 8E012E832BA1EC2300DF7512 /* NotificationName.swift */; };
		8E012E862BA2029000DF7512 /* StorageFilterModalViewController.swift in Sources */ = {isa = PBXBuildFile; fileRef = 8E012E852BA2029000DF7512 /* StorageFilterModalViewController.swift */; };
		8E012E882BA202F300DF7512 /* StorageFilterModalView.swift in Sources */ = {isa = PBXBuildFile; fileRef = 8E012E872BA202F300DF7512 /* StorageFilterModalView.swift */; };
		8E28109E2B998410000BBD65 /* AppDelegate.swift in Sources */ = {isa = PBXBuildFile; fileRef = 8E28109D2B998410000BBD65 /* AppDelegate.swift */; };
		8E2810A02B998410000BBD65 /* SceneDelegate.swift in Sources */ = {isa = PBXBuildFile; fileRef = 8E28109F2B998410000BBD65 /* SceneDelegate.swift */; };
		8E2810A52B998410000BBD65 /* Main.storyboard in Resources */ = {isa = PBXBuildFile; fileRef = 8E2810A32B998410000BBD65 /* Main.storyboard */; };
		8E2810A72B998411000BBD65 /* Assets.xcassets in Resources */ = {isa = PBXBuildFile; fileRef = 8E2810A62B998411000BBD65 /* Assets.xcassets */; };
		8E2810B52B99864F000BBD65 /* .gitignore in Resources */ = {isa = PBXBuildFile; fileRef = 8E2810B42B99864F000BBD65 /* .gitignore */; };
		8E2810B72B998A0F000BBD65 /* APIKey.swift in Sources */ = {isa = PBXBuildFile; fileRef = 8E2810B62B998A0F000BBD65 /* APIKey.swift */; };
		8E2810BA2B998DD0000BBD65 /* SnapKit in Frameworks */ = {isa = PBXBuildFile; productRef = 8E2810B92B998DD0000BBD65 /* SnapKit */; };
		8E2810BD2B998DD6000BBD65 /* Then in Frameworks */ = {isa = PBXBuildFile; productRef = 8E2810BC2B998DD6000BBD65 /* Then */; };
		8E2810C02B998DF5000BBD65 /* DGCharts in Frameworks */ = {isa = PBXBuildFile; productRef = 8E2810BF2B998DF5000BBD65 /* DGCharts */; };
		8E2810C32B998E0E000BBD65 /* SVProgressHUD in Frameworks */ = {isa = PBXBuildFile; productRef = 8E2810C22B998E0E000BBD65 /* SVProgressHUD */; };
		8E2810C62B998E26000BBD65 /* Alamofire in Frameworks */ = {isa = PBXBuildFile; productRef = 8E2810C52B998E26000BBD65 /* Alamofire */; };
		8E2810C92B998E30000BBD65 /* Kingfisher in Frameworks */ = {isa = PBXBuildFile; productRef = 8E2810C82B998E30000BBD65 /* Kingfisher */; };
		8E2810CC2B998E40000BBD65 /* Toast in Frameworks */ = {isa = PBXBuildFile; productRef = 8E2810CB2B998E40000BBD65 /* Toast */; };
		8E2810CF2B998E57000BBD65 /* Realm in Frameworks */ = {isa = PBXBuildFile; productRef = 8E2810CE2B998E57000BBD65 /* Realm */; };
		8E2810D12B998E57000BBD65 /* RealmSwift in Frameworks */ = {isa = PBXBuildFile; productRef = 8E2810D02B998E57000BBD65 /* RealmSwift */; };
		8E2810D42B998E65000BBD65 /* FSCalendar in Frameworks */ = {isa = PBXBuildFile; productRef = 8E2810D32B998E65000BBD65 /* FSCalendar */; };
		8E2810D82B99906B000BBD65 /* Localizable.xcstrings in Resources */ = {isa = PBXBuildFile; fileRef = 8E2810D72B99906B000BBD65 /* Localizable.xcstrings */; };
		8E2810DF2B9992E1000BBD65 /* TabBarController.swift in Sources */ = {isa = PBXBuildFile; fileRef = 8E2810DE2B9992E0000BBD65 /* TabBarController.swift */; };
		8E2810E32B99951E000BBD65 /* BaseViewController.swift in Sources */ = {isa = PBXBuildFile; fileRef = 8E2810E22B99951E000BBD65 /* BaseViewController.swift */; };
		8E2810E52B999540000BBD65 /* BaseView.swift in Sources */ = {isa = PBXBuildFile; fileRef = 8E2810E42B999540000BBD65 /* BaseView.swift */; };
		8E2810E72B999568000BBD65 /* BaseCollectionViewCell.swift in Sources */ = {isa = PBXBuildFile; fileRef = 8E2810E62B999568000BBD65 /* BaseCollectionViewCell.swift */; };
		8E2810E92B9995D6000BBD65 /* StorageBookViewController.swift in Sources */ = {isa = PBXBuildFile; fileRef = 8E2810E82B9995D6000BBD65 /* StorageBookViewController.swift */; };
		8E2810ED2B999624000BBD65 /* SearchViewController.swift in Sources */ = {isa = PBXBuildFile; fileRef = 8E2810EC2B999624000BBD65 /* SearchViewController.swift */; };
		8E2810EF2B99962D000BBD65 /* StatsViewController.swift in Sources */ = {isa = PBXBuildFile; fileRef = 8E2810EE2B99962D000BBD65 /* StatsViewController.swift */; };
		8E2810F12B999634000BBD65 /* SettingViewController.swift in Sources */ = {isa = PBXBuildFile; fileRef = 8E2810F02B999634000BBD65 /* SettingViewController.swift */; };
		8E2810FD2B999D0F000BBD65 /* Recommend.swift in Sources */ = {isa = PBXBuildFile; fileRef = 8E2810FC2B999D0F000BBD65 /* Recommend.swift */; };
		8E2810FF2B999D19000BBD65 /* Search.swift in Sources */ = {isa = PBXBuildFile; fileRef = 8E2810FE2B999D19000BBD65 /* Search.swift */; };
		8E2811012B999D4B000BBD65 /* Inquiry.swift in Sources */ = {isa = PBXBuildFile; fileRef = 8E2811002B999D4B000BBD65 /* Inquiry.swift */; };
		8E2811032B999D86000BBD65 /* AladinAPI.swift in Sources */ = {isa = PBXBuildFile; fileRef = 8E2811022B999D86000BBD65 /* AladinAPI.swift */; };
		8E2811052B999D92000BBD65 /* AladinAPIManager.swift in Sources */ = {isa = PBXBuildFile; fileRef = 8E2811042B999D92000BBD65 /* AladinAPIManager.swift */; };
		8E2811082B999DDB000BBD65 /* RealmModel.swift in Sources */ = {isa = PBXBuildFile; fileRef = 8E2811072B999DDB000BBD65 /* RealmModel.swift */; };
		8E28110A2B99A4FE000BBD65 /* ErrorStatus.swift in Sources */ = {isa = PBXBuildFile; fileRef = 8E2811092B99A4FE000BBD65 /* ErrorStatus.swift */; };
		8E28110C2B99A589000BBD65 /* StorageBookView.swift in Sources */ = {isa = PBXBuildFile; fileRef = 8E28110B2B99A589000BBD65 /* StorageBookView.swift */; };
		8E28110E2B99A768000BBD65 /* SearchView.swift in Sources */ = {isa = PBXBuildFile; fileRef = 8E28110D2B99A768000BBD65 /* SearchView.swift */; };
		8E2811102B99A8BF000BBD65 /* Observable.swift in Sources */ = {isa = PBXBuildFile; fileRef = 8E28110F2B99A8BF000BBD65 /* Observable.swift */; };
		8E2811122B99A90C000BBD65 /* StorageBookViewModel.swift in Sources */ = {isa = PBXBuildFile; fileRef = 8E2811112B99A90C000BBD65 /* StorageBookViewModel.swift */; };
		8E2811142B99A914000BBD65 /* SearchViewModel.swift in Sources */ = {isa = PBXBuildFile; fileRef = 8E2811132B99A914000BBD65 /* SearchViewModel.swift */; };
		8E2811162B99FF1B000BBD65 /* SearchDetailViewController.swift in Sources */ = {isa = PBXBuildFile; fileRef = 8E2811152B99FF1B000BBD65 /* SearchDetailViewController.swift */; };
		8E2811192B9A1976000BBD65 /* SearchDetailViewModel.swift in Sources */ = {isa = PBXBuildFile; fileRef = 8E2811182B9A1976000BBD65 /* SearchDetailViewModel.swift */; };
		8E28111B2B9A1980000BBD65 /* SearchDetailView.swift in Sources */ = {isa = PBXBuildFile; fileRef = 8E28111A2B9A1980000BBD65 /* SearchDetailView.swift */; };
		8E28111D2B9A20FD000BBD65 /* TransitionStyle.swift in Sources */ = {isa = PBXBuildFile; fileRef = 8E28111C2B9A20FD000BBD65 /* TransitionStyle.swift */; };
		8E2811202B9A259B000BBD65 /* SearchDetailCollectionViewCell.swift in Sources */ = {isa = PBXBuildFile; fileRef = 8E28111F2B9A259B000BBD65 /* SearchDetailCollectionViewCell.swift */; };
		8E3B70282B9F559700DFEE7E /* LaunchScreen.storyboard in Resources */ = {isa = PBXBuildFile; fileRef = 8E3B70272B9F559700DFEE7E /* LaunchScreen.storyboard */; };
		8E3B702C2B9F565300DFEE7E /* LaunchScreenImage.png in Resources */ = {isa = PBXBuildFile; fileRef = 8E3B702B2B9F565300DFEE7E /* LaunchScreenImage.png */; };
		8E928BD92B9C6925004D44C7 /* SearchBarViewModel.swift in Sources */ = {isa = PBXBuildFile; fileRef = 8E928BD82B9C6925004D44C7 /* SearchBarViewModel.swift */; };
		8E928BDB2B9C7D8F004D44C7 /* DetailBookViewController.swift in Sources */ = {isa = PBXBuildFile; fileRef = 8E928BDA2B9C7D8F004D44C7 /* DetailBookViewController.swift */; };
		8E928BDD2B9C7DA8004D44C7 /* DetailBookView.swift in Sources */ = {isa = PBXBuildFile; fileRef = 8E928BDC2B9C7DA8004D44C7 /* DetailBookView.swift */; };
		8E928BDF2B9C7E9F004D44C7 /* DetailBookViewModel.swift in Sources */ = {isa = PBXBuildFile; fileRef = 8E928BDE2B9C7E9F004D44C7 /* DetailBookViewModel.swift */; };
		8E928BE12B9CB374004D44C7 /* Bold18Label.swift in Sources */ = {isa = PBXBuildFile; fileRef = 8E928BE02B9CB374004D44C7 /* Bold18Label.swift */; };
		8E928BE52B9CB3D8004D44C7 /* Normal16Label.swift in Sources */ = {isa = PBXBuildFile; fileRef = 8E928BE42B9CB3D8004D44C7 /* Normal16Label.swift */; };
		8E928BE72B9CB98C004D44C7 /* AladinWebViewController.swift in Sources */ = {isa = PBXBuildFile; fileRef = 8E928BE62B9CB98C004D44C7 /* AladinWebViewController.swift */; };
		8E928BE92B9CB9FB004D44C7 /* AladinWebView.swift in Sources */ = {isa = PBXBuildFile; fileRef = 8E928BE82B9CB9FB004D44C7 /* AladinWebView.swift */; };
		8E928BEB2B9CBB19004D44C7 /* AladinWebViewModel.swift in Sources */ = {isa = PBXBuildFile; fileRef = 8E928BEA2B9CBB19004D44C7 /* AladinWebViewModel.swift */; };
		8E928BED2B9CC348004D44C7 /* BookRepository.swift in Sources */ = {isa = PBXBuildFile; fileRef = 8E928BEC2B9CC348004D44C7 /* BookRepository.swift */; };
		8EBF13C72B9D980A00B1FE6D /* SearchPagerViewCell.swift in Sources */ = {isa = PBXBuildFile; fileRef = 8EBF13C62B9D980A00B1FE6D /* SearchPagerViewCell.swift */; };
		8EBF13C92B9D996F00B1FE6D /* Identifier+.swift in Sources */ = {isa = PBXBuildFile; fileRef = 8EBF13C82B9D996F00B1FE6D /* Identifier+.swift */; };
		8EBF13CB2B9D9D3200B1FE6D /* BasePagerViewCell.swift in Sources */ = {isa = PBXBuildFile; fileRef = 8EBF13CA2B9D9D3200B1FE6D /* BasePagerViewCell.swift */; };
		8EBF13CD2B9DB71D00B1FE6D /* SearchTableViewCell.swift in Sources */ = {isa = PBXBuildFile; fileRef = 8EBF13CC2B9DB71D00B1FE6D /* SearchTableViewCell.swift */; };
		8EBF13CF2B9DB74D00B1FE6D /* BaseTableViewCell.swift in Sources */ = {isa = PBXBuildFile; fileRef = 8EBF13CE2B9DB74D00B1FE6D /* BaseTableViewCell.swift */; };
		8EBF13D32B9E1AB600B1FE6D /* StorageBookCollectionViewCell.swift in Sources */ = {isa = PBXBuildFile; fileRef = 8EBF13D22B9E1AB600B1FE6D /* StorageBookCollectionViewCell.swift */; };
		8EBF13DF2B9F326B00B1FE6D /* UpdateView.swift in Sources */ = {isa = PBXBuildFile; fileRef = 8EBF13DE2B9F326B00B1FE6D /* UpdateView.swift */; };
/* End PBXBuildFile section */

/* Begin PBXFileReference section */
		17C37A518852E7C6594E9BE6 /* Pods_ReadingHaracoon.framework */ = {isa = PBXFileReference; explicitFileType = wrapper.framework; includeInIndex = 0; path = Pods_ReadingHaracoon.framework; sourceTree = BUILT_PRODUCTS_DIR; };
		8E012E572B9F61F800DF7512 /* Normal14Label.swift */ = {isa = PBXFileReference; lastKnownFileType = sourcecode.swift; path = Normal14Label.swift; sourceTree = "<group>"; };
		8E012E592B9F6B2100DF7512 /* RecommendSection.swift */ = {isa = PBXFileReference; lastKnownFileType = sourcecode.swift; path = RecommendSection.swift; sourceTree = "<group>"; };
		8E012E5B2B9F7D7A00DF7512 /* BookImageView.swift */ = {isa = PBXFileReference; lastKnownFileType = sourcecode.swift; path = BookImageView.swift; sourceTree = "<group>"; };
		8E012E6A2BA01DB000DF7512 /* TransitionDetailBook.swift */ = {isa = PBXFileReference; lastKnownFileType = sourcecode.swift; path = TransitionDetailBook.swift; sourceTree = "<group>"; };
		8E012E6C2BA01F7000DF7512 /* 2번째.png */ = {isa = PBXFileReference; lastKnownFileType = image.png; path = "2번째.png"; sourceTree = "<group>"; };
		8E012E6E2BA0403700DF7512 /* CustomModalView.swift */ = {isa = PBXFileReference; lastKnownFileType = sourcecode.swift; path = CustomModalView.swift; sourceTree = "<group>"; };
		8E012E722BA09F0700DF7512 /* BlockView.swift */ = {isa = PBXFileReference; lastKnownFileType = sourcecode.swift; path = BlockView.swift; sourceTree = "<group>"; };
		8E012E742BA0B25200DF7512 /* CustomPresentationController.swift */ = {isa = PBXFileReference; lastKnownFileType = sourcecode.swift; path = CustomPresentationController.swift; sourceTree = "<group>"; };
		8E012E792BA0C04900DF7512 /* CustomTransitioningDelegate.swift */ = {isa = PBXFileReference; lastKnownFileType = sourcecode.swift; path = CustomTransitioningDelegate.swift; sourceTree = "<group>"; };
		8E012E7B2BA0C1DC00DF7512 /* StorageModalViewController.swift */ = {isa = PBXFileReference; lastKnownFileType = sourcecode.swift; path = StorageModalViewController.swift; sourceTree = "<group>"; };
		8E012E7D2BA0C22500DF7512 /* StorageModalView.swift */ = {isa = PBXFileReference; lastKnownFileType = sourcecode.swift; path = StorageModalView.swift; sourceTree = "<group>"; };
		8E012E832BA1EC2300DF7512 /* NotificationName.swift */ = {isa = PBXFileReference; lastKnownFileType = sourcecode.swift; path = NotificationName.swift; sourceTree = "<group>"; };
		8E012E852BA2029000DF7512 /* StorageFilterModalViewController.swift */ = {isa = PBXFileReference; lastKnownFileType = sourcecode.swift; path = StorageFilterModalViewController.swift; sourceTree = "<group>"; };
		8E012E872BA202F300DF7512 /* StorageFilterModalView.swift */ = {isa = PBXFileReference; lastKnownFileType = sourcecode.swift; path = StorageFilterModalView.swift; sourceTree = "<group>"; };
		8E28109A2B998410000BBD65 /* ReadingHaracoon.app */ = {isa = PBXFileReference; explicitFileType = wrapper.application; includeInIndex = 0; path = ReadingHaracoon.app; sourceTree = BUILT_PRODUCTS_DIR; };
		8E28109D2B998410000BBD65 /* AppDelegate.swift */ = {isa = PBXFileReference; lastKnownFileType = sourcecode.swift; path = AppDelegate.swift; sourceTree = "<group>"; };
		8E28109F2B998410000BBD65 /* SceneDelegate.swift */ = {isa = PBXFileReference; lastKnownFileType = sourcecode.swift; path = SceneDelegate.swift; sourceTree = "<group>"; };
		8E2810A42B998410000BBD65 /* Base */ = {isa = PBXFileReference; lastKnownFileType = file.storyboard; name = Base; path = Base.lproj/Main.storyboard; sourceTree = "<group>"; };
		8E2810A62B998411000BBD65 /* Assets.xcassets */ = {isa = PBXFileReference; lastKnownFileType = folder.assetcatalog; path = Assets.xcassets; sourceTree = "<group>"; };
		8E2810AB2B998411000BBD65 /* Info.plist */ = {isa = PBXFileReference; lastKnownFileType = text.plist.xml; path = Info.plist; sourceTree = "<group>"; };
		8E2810B42B99864F000BBD65 /* .gitignore */ = {isa = PBXFileReference; lastKnownFileType = text; path = .gitignore; sourceTree = "<group>"; };
		8E2810B62B998A0F000BBD65 /* APIKey.swift */ = {isa = PBXFileReference; lastKnownFileType = sourcecode.swift; path = APIKey.swift; sourceTree = "<group>"; };
		8E2810D72B99906B000BBD65 /* Localizable.xcstrings */ = {isa = PBXFileReference; lastKnownFileType = text.json.xcstrings; path = Localizable.xcstrings; sourceTree = "<group>"; };
		8E2810DE2B9992E0000BBD65 /* TabBarController.swift */ = {isa = PBXFileReference; lastKnownFileType = sourcecode.swift; path = TabBarController.swift; sourceTree = "<group>"; };
		8E2810E22B99951E000BBD65 /* BaseViewController.swift */ = {isa = PBXFileReference; lastKnownFileType = sourcecode.swift; path = BaseViewController.swift; sourceTree = "<group>"; };
		8E2810E42B999540000BBD65 /* BaseView.swift */ = {isa = PBXFileReference; lastKnownFileType = sourcecode.swift; path = BaseView.swift; sourceTree = "<group>"; };
		8E2810E62B999568000BBD65 /* BaseCollectionViewCell.swift */ = {isa = PBXFileReference; lastKnownFileType = sourcecode.swift; path = BaseCollectionViewCell.swift; sourceTree = "<group>"; };
		8E2810E82B9995D6000BBD65 /* StorageBookViewController.swift */ = {isa = PBXFileReference; lastKnownFileType = sourcecode.swift; path = StorageBookViewController.swift; sourceTree = "<group>"; };
		8E2810EC2B999624000BBD65 /* SearchViewController.swift */ = {isa = PBXFileReference; lastKnownFileType = sourcecode.swift; path = SearchViewController.swift; sourceTree = "<group>"; };
		8E2810EE2B99962D000BBD65 /* StatsViewController.swift */ = {isa = PBXFileReference; lastKnownFileType = sourcecode.swift; path = StatsViewController.swift; sourceTree = "<group>"; };
		8E2810F02B999634000BBD65 /* SettingViewController.swift */ = {isa = PBXFileReference; lastKnownFileType = sourcecode.swift; path = SettingViewController.swift; sourceTree = "<group>"; };
		8E2810FC2B999D0F000BBD65 /* Recommend.swift */ = {isa = PBXFileReference; lastKnownFileType = sourcecode.swift; path = Recommend.swift; sourceTree = "<group>"; };
		8E2810FE2B999D19000BBD65 /* Search.swift */ = {isa = PBXFileReference; lastKnownFileType = sourcecode.swift; path = Search.swift; sourceTree = "<group>"; };
		8E2811002B999D4B000BBD65 /* Inquiry.swift */ = {isa = PBXFileReference; lastKnownFileType = sourcecode.swift; path = Inquiry.swift; sourceTree = "<group>"; };
		8E2811022B999D86000BBD65 /* AladinAPI.swift */ = {isa = PBXFileReference; lastKnownFileType = sourcecode.swift; path = AladinAPI.swift; sourceTree = "<group>"; };
		8E2811042B999D92000BBD65 /* AladinAPIManager.swift */ = {isa = PBXFileReference; lastKnownFileType = sourcecode.swift; path = AladinAPIManager.swift; sourceTree = "<group>"; };
		8E2811072B999DDB000BBD65 /* RealmModel.swift */ = {isa = PBXFileReference; lastKnownFileType = sourcecode.swift; path = RealmModel.swift; sourceTree = "<group>"; };
		8E2811092B99A4FE000BBD65 /* ErrorStatus.swift */ = {isa = PBXFileReference; lastKnownFileType = sourcecode.swift; path = ErrorStatus.swift; sourceTree = "<group>"; };
		8E28110B2B99A589000BBD65 /* StorageBookView.swift */ = {isa = PBXFileReference; lastKnownFileType = sourcecode.swift; path = StorageBookView.swift; sourceTree = "<group>"; };
		8E28110D2B99A768000BBD65 /* SearchView.swift */ = {isa = PBXFileReference; lastKnownFileType = sourcecode.swift; path = SearchView.swift; sourceTree = "<group>"; };
		8E28110F2B99A8BF000BBD65 /* Observable.swift */ = {isa = PBXFileReference; lastKnownFileType = sourcecode.swift; path = Observable.swift; sourceTree = "<group>"; };
		8E2811112B99A90C000BBD65 /* StorageBookViewModel.swift */ = {isa = PBXFileReference; lastKnownFileType = sourcecode.swift; path = StorageBookViewModel.swift; sourceTree = "<group>"; };
		8E2811132B99A914000BBD65 /* SearchViewModel.swift */ = {isa = PBXFileReference; lastKnownFileType = sourcecode.swift; path = SearchViewModel.swift; sourceTree = "<group>"; };
		8E2811152B99FF1B000BBD65 /* SearchDetailViewController.swift */ = {isa = PBXFileReference; lastKnownFileType = sourcecode.swift; path = SearchDetailViewController.swift; sourceTree = "<group>"; };
		8E2811182B9A1976000BBD65 /* SearchDetailViewModel.swift */ = {isa = PBXFileReference; lastKnownFileType = sourcecode.swift; path = SearchDetailViewModel.swift; sourceTree = "<group>"; };
		8E28111A2B9A1980000BBD65 /* SearchDetailView.swift */ = {isa = PBXFileReference; lastKnownFileType = sourcecode.swift; path = SearchDetailView.swift; sourceTree = "<group>"; };
		8E28111C2B9A20FD000BBD65 /* TransitionStyle.swift */ = {isa = PBXFileReference; lastKnownFileType = sourcecode.swift; path = TransitionStyle.swift; sourceTree = "<group>"; };
		8E28111F2B9A259B000BBD65 /* SearchDetailCollectionViewCell.swift */ = {isa = PBXFileReference; lastKnownFileType = sourcecode.swift; path = SearchDetailCollectionViewCell.swift; sourceTree = "<group>"; };
		8E3B70272B9F559700DFEE7E /* LaunchScreen.storyboard */ = {isa = PBXFileReference; lastKnownFileType = file.storyboard; path = LaunchScreen.storyboard; sourceTree = "<group>"; };
		8E3B702B2B9F565300DFEE7E /* LaunchScreenImage.png */ = {isa = PBXFileReference; lastKnownFileType = image.png; path = LaunchScreenImage.png; sourceTree = "<group>"; };
		8E928BD82B9C6925004D44C7 /* SearchBarViewModel.swift */ = {isa = PBXFileReference; lastKnownFileType = sourcecode.swift; path = SearchBarViewModel.swift; sourceTree = "<group>"; };
		8E928BDA2B9C7D8F004D44C7 /* DetailBookViewController.swift */ = {isa = PBXFileReference; lastKnownFileType = sourcecode.swift; path = DetailBookViewController.swift; sourceTree = "<group>"; };
		8E928BDC2B9C7DA8004D44C7 /* DetailBookView.swift */ = {isa = PBXFileReference; lastKnownFileType = sourcecode.swift; path = DetailBookView.swift; sourceTree = "<group>"; };
		8E928BDE2B9C7E9F004D44C7 /* DetailBookViewModel.swift */ = {isa = PBXFileReference; lastKnownFileType = sourcecode.swift; path = DetailBookViewModel.swift; sourceTree = "<group>"; };
		8E928BE02B9CB374004D44C7 /* Bold18Label.swift */ = {isa = PBXFileReference; lastKnownFileType = sourcecode.swift; path = Bold18Label.swift; sourceTree = "<group>"; };
		8E928BE42B9CB3D8004D44C7 /* Normal16Label.swift */ = {isa = PBXFileReference; lastKnownFileType = sourcecode.swift; path = Normal16Label.swift; sourceTree = "<group>"; };
		8E928BE62B9CB98C004D44C7 /* AladinWebViewController.swift */ = {isa = PBXFileReference; lastKnownFileType = sourcecode.swift; path = AladinWebViewController.swift; sourceTree = "<group>"; };
		8E928BE82B9CB9FB004D44C7 /* AladinWebView.swift */ = {isa = PBXFileReference; lastKnownFileType = sourcecode.swift; path = AladinWebView.swift; sourceTree = "<group>"; };
		8E928BEA2B9CBB19004D44C7 /* AladinWebViewModel.swift */ = {isa = PBXFileReference; lastKnownFileType = sourcecode.swift; path = AladinWebViewModel.swift; sourceTree = "<group>"; };
		8E928BEC2B9CC348004D44C7 /* BookRepository.swift */ = {isa = PBXFileReference; lastKnownFileType = sourcecode.swift; path = BookRepository.swift; sourceTree = "<group>"; };
		8EBF13C62B9D980A00B1FE6D /* SearchPagerViewCell.swift */ = {isa = PBXFileReference; lastKnownFileType = sourcecode.swift; path = SearchPagerViewCell.swift; sourceTree = "<group>"; };
		8EBF13C82B9D996F00B1FE6D /* Identifier+.swift */ = {isa = PBXFileReference; lastKnownFileType = sourcecode.swift; path = "Identifier+.swift"; sourceTree = "<group>"; };
		8EBF13CA2B9D9D3200B1FE6D /* BasePagerViewCell.swift */ = {isa = PBXFileReference; lastKnownFileType = sourcecode.swift; path = BasePagerViewCell.swift; sourceTree = "<group>"; };
		8EBF13CC2B9DB71D00B1FE6D /* SearchTableViewCell.swift */ = {isa = PBXFileReference; lastKnownFileType = sourcecode.swift; path = SearchTableViewCell.swift; sourceTree = "<group>"; };
		8EBF13CE2B9DB74D00B1FE6D /* BaseTableViewCell.swift */ = {isa = PBXFileReference; lastKnownFileType = sourcecode.swift; path = BaseTableViewCell.swift; sourceTree = "<group>"; };
		8EBF13D22B9E1AB600B1FE6D /* StorageBookCollectionViewCell.swift */ = {isa = PBXFileReference; lastKnownFileType = sourcecode.swift; path = StorageBookCollectionViewCell.swift; sourceTree = "<group>"; };
		8EBF13DE2B9F326B00B1FE6D /* UpdateView.swift */ = {isa = PBXFileReference; lastKnownFileType = sourcecode.swift; path = UpdateView.swift; sourceTree = "<group>"; };
		C75238F593DB54967EC23BCA /* Pods-ReadingHaracoon.release.xcconfig */ = {isa = PBXFileReference; includeInIndex = 1; lastKnownFileType = text.xcconfig; name = "Pods-ReadingHaracoon.release.xcconfig"; path = "Target Support Files/Pods-ReadingHaracoon/Pods-ReadingHaracoon.release.xcconfig"; sourceTree = "<group>"; };
		D42D7A15306E0B8BFD7ECBC3 /* Pods-ReadingHaracoon.debug.xcconfig */ = {isa = PBXFileReference; includeInIndex = 1; lastKnownFileType = text.xcconfig; name = "Pods-ReadingHaracoon.debug.xcconfig"; path = "Target Support Files/Pods-ReadingHaracoon/Pods-ReadingHaracoon.debug.xcconfig"; sourceTree = "<group>"; };
/* End PBXFileReference section */

/* Begin PBXFrameworksBuildPhase section */
		8E2810972B998410000BBD65 /* Frameworks */ = {
			isa = PBXFrameworksBuildPhase;
			buildActionMask = 2147483647;
			files = (
				8E2810C92B998E30000BBD65 /* Kingfisher in Frameworks */,
				8E2810C62B998E26000BBD65 /* Alamofire in Frameworks */,
				8E2810C32B998E0E000BBD65 /* SVProgressHUD in Frameworks */,
				8E2810D42B998E65000BBD65 /* FSCalendar in Frameworks */,
				8E2810D12B998E57000BBD65 /* RealmSwift in Frameworks */,
				8E2810BA2B998DD0000BBD65 /* SnapKit in Frameworks */,
				8E2810C02B998DF5000BBD65 /* DGCharts in Frameworks */,
				8E2810CC2B998E40000BBD65 /* Toast in Frameworks */,
				8E2810CF2B998E57000BBD65 /* Realm in Frameworks */,
				8E2810BD2B998DD6000BBD65 /* Then in Frameworks */,
				1F3EC0388D31BAF80795A628 /* Pods_ReadingHaracoon.framework in Frameworks */,
			);
			runOnlyForDeploymentPostprocessing = 0;
		};
/* End PBXFrameworksBuildPhase section */

/* Begin PBXGroup section */
		258AC53DBD27A76CA4224D8A /* Frameworks */ = {
			isa = PBXGroup;
			children = (
				17C37A518852E7C6594E9BE6 /* Pods_ReadingHaracoon.framework */,
			);
			name = Frameworks;
			sourceTree = "<group>";
		};
		8E012E782BA0C02300DF7512 /* CustomModal */ = {
			isa = PBXGroup;
			children = (
				8E012E742BA0B25200DF7512 /* CustomPresentationController.swift */,
				8E012E792BA0C04900DF7512 /* CustomTransitioningDelegate.swift */,
			);
			path = CustomModal;
			sourceTree = "<group>";
		};
		8E012E7F2BA0C2A000DF7512 /* Stats */ = {
			isa = PBXGroup;
			children = (
				8E2810EE2B99962D000BBD65 /* StatsViewController.swift */,
			);
			path = Stats;
			sourceTree = "<group>";
		};
		8E012E802BA0C2AA00DF7512 /* Setting */ = {
			isa = PBXGroup;
			children = (
				8E2810F02B999634000BBD65 /* SettingViewController.swift */,
			);
			path = Setting;
			sourceTree = "<group>";
		};
		8E2810912B998410000BBD65 = {
			isa = PBXGroup;
			children = (
				8E2810B42B99864F000BBD65 /* .gitignore */,
				8E28109C2B998410000BBD65 /* ReadingHaracoon */,
				8E28109B2B998410000BBD65 /* Products */,
				8F342C88B0E9E102ED4E9904 /* Pods */,
				258AC53DBD27A76CA4224D8A /* Frameworks */,
			);
			sourceTree = "<group>";
		};
		8E28109B2B998410000BBD65 /* Products */ = {
			isa = PBXGroup;
			children = (
				8E28109A2B998410000BBD65 /* ReadingHaracoon.app */,
			);
			name = Products;
			sourceTree = "<group>";
		};
		8E28109C2B998410000BBD65 /* ReadingHaracoon */ = {
			isa = PBXGroup;
			children = (
				8E3B70292B9F562900DFEE7E /* Resources */,
				8E2810DD2B9992B7000BBD65 /* Tabbar */,
				8E2810F92B999BE3000BBD65 /* View */,
				8E2810E02B9994E1000BBD65 /* Controllers */,
				8E2810FA2B999BE9000BBD65 /* ViewModel */,
				8E2810F82B999BAF000BBD65 /* Repository */,
				8E2810F52B999B86000BBD65 /* Model */,
				8E2810F22B99995F000BBD65 /* Enum */,
				8E2810F32B999978000BBD65 /* Extension */,
				8E2810F42B999988000BBD65 /* Manager */,
				8E012E782BA0C02300DF7512 /* CustomModal */,
				8E2810F72B999BA2000BBD65 /* CustomView */,
				8E2810E12B9994F2000BBD65 /* Base */,
				8E2810F62B999B8A000BBD65 /* Observer */,
				8E2810D62B99901E000BBD65 /* Localizing */,
				8E2810D52B998F3E000BBD65 /* Application */,
			);
			path = ReadingHaracoon;
			sourceTree = "<group>";
		};
		8E2810D52B998F3E000BBD65 /* Application */ = {
			isa = PBXGroup;
			children = (
				8E28109D2B998410000BBD65 /* AppDelegate.swift */,
				8E28109F2B998410000BBD65 /* SceneDelegate.swift */,
				8E2810A32B998410000BBD65 /* Main.storyboard */,
				8E3B70272B9F559700DFEE7E /* LaunchScreen.storyboard */,
				8E2810A62B998411000BBD65 /* Assets.xcassets */,
				8E2810B62B998A0F000BBD65 /* APIKey.swift */,
				8E2810AB2B998411000BBD65 /* Info.plist */,
			);
			path = Application;
			sourceTree = "<group>";
		};
		8E2810D62B99901E000BBD65 /* Localizing */ = {
			isa = PBXGroup;
			children = (
				8E2810D72B99906B000BBD65 /* Localizable.xcstrings */,
			);
			path = Localizing;
			sourceTree = "<group>";
		};
		8E2810DD2B9992B7000BBD65 /* Tabbar */ = {
			isa = PBXGroup;
			children = (
				8E2810DE2B9992E0000BBD65 /* TabBarController.swift */,
			);
			path = Tabbar;
			sourceTree = "<group>";
		};
		8E2810E02B9994E1000BBD65 /* Controllers */ = {
			isa = PBXGroup;
			children = (
				8EBF13DA2B9F227900B1FE6D /* Storage */,
				8EBF13DB2B9F228700B1FE6D /* Search */,
				8E012E7F2BA0C2A000DF7512 /* Stats */,
				8E012E802BA0C2AA00DF7512 /* Setting */,
				8E928BDA2B9C7D8F004D44C7 /* DetailBookViewController.swift */,
				8E928BE62B9CB98C004D44C7 /* AladinWebViewController.swift */,
			);
			path = Controllers;
			sourceTree = "<group>";
		};
		8E2810E12B9994F2000BBD65 /* Base */ = {
			isa = PBXGroup;
			children = (
				8E2810E22B99951E000BBD65 /* BaseViewController.swift */,
				8E2810E42B999540000BBD65 /* BaseView.swift */,
				8E2810E62B999568000BBD65 /* BaseCollectionViewCell.swift */,
				8EBF13CA2B9D9D3200B1FE6D /* BasePagerViewCell.swift */,
				8EBF13CE2B9DB74D00B1FE6D /* BaseTableViewCell.swift */,
			);
			path = Base;
			sourceTree = "<group>";
		};
		8E2810F22B99995F000BBD65 /* Enum */ = {
			isa = PBXGroup;
			children = (
				8E2811092B99A4FE000BBD65 /* ErrorStatus.swift */,
				8E28111C2B9A20FD000BBD65 /* TransitionStyle.swift */,
				8EBF13DE2B9F326B00B1FE6D /* UpdateView.swift */,
				8E012E592B9F6B2100DF7512 /* RecommendSection.swift */,
				8E012E6A2BA01DB000DF7512 /* TransitionDetailBook.swift */,
			);
			path = Enum;
			sourceTree = "<group>";
		};
		8E2810F32B999978000BBD65 /* Extension */ = {
			isa = PBXGroup;
			children = (
				8EBF13C82B9D996F00B1FE6D /* Identifier+.swift */,
				8E012E832BA1EC2300DF7512 /* NotificationName.swift */,
			);
			path = Extension;
			sourceTree = "<group>";
		};
		8E2810F42B999988000BBD65 /* Manager */ = {
			isa = PBXGroup;
			children = (
			);
			path = Manager;
			sourceTree = "<group>";
		};
		8E2810F52B999B86000BBD65 /* Model */ = {
			isa = PBXGroup;
			children = (
				8E2811062B999DC9000BBD65 /* Realm */,
				8E2810FB2B999C98000BBD65 /* Network */,
			);
			path = Model;
			sourceTree = "<group>";
		};
		8E2810F62B999B8A000BBD65 /* Observer */ = {
			isa = PBXGroup;
			children = (
				8E28110F2B99A8BF000BBD65 /* Observable.swift */,
			);
			path = Observer;
			sourceTree = "<group>";
		};
		8E2810F72B999BA2000BBD65 /* CustomView */ = {
			isa = PBXGroup;
			children = (
				8E928BE02B9CB374004D44C7 /* Bold18Label.swift */,
				8E928BE42B9CB3D8004D44C7 /* Normal16Label.swift */,
				8E012E572B9F61F800DF7512 /* Normal14Label.swift */,
				8E012E5B2B9F7D7A00DF7512 /* BookImageView.swift */,
				8E012E722BA09F0700DF7512 /* BlockView.swift */,
				8E012E6E2BA0403700DF7512 /* CustomModalView.swift */,
			);
			path = CustomView;
			sourceTree = "<group>";
		};
		8E2810F82B999BAF000BBD65 /* Repository */ = {
			isa = PBXGroup;
			children = (
				8E928BEC2B9CC348004D44C7 /* BookRepository.swift */,
			);
			path = Repository;
			sourceTree = "<group>";
		};
		8E2810F92B999BE3000BBD65 /* View */ = {
			isa = PBXGroup;
			children = (
				8E28110B2B99A589000BBD65 /* StorageBookView.swift */,
				8E28110D2B99A768000BBD65 /* SearchView.swift */,
				8E28111A2B9A1980000BBD65 /* SearchDetailView.swift */,
				8E928BDC2B9C7DA8004D44C7 /* DetailBookView.swift */,
				8E928BE82B9CB9FB004D44C7 /* AladinWebView.swift */,
				8E012E7D2BA0C22500DF7512 /* StorageModalView.swift */,
				8E012E872BA202F300DF7512 /* StorageFilterModalView.swift */,
				8E28111E2B9A2583000BBD65 /* Cell */,
			);
			path = View;
			sourceTree = "<group>";
		};
		8E2810FA2B999BE9000BBD65 /* ViewModel */ = {
			isa = PBXGroup;
			children = (
				8E2811112B99A90C000BBD65 /* StorageBookViewModel.swift */,
				8E2811132B99A914000BBD65 /* SearchViewModel.swift */,
				8E2811182B9A1976000BBD65 /* SearchDetailViewModel.swift */,
				8E928BD82B9C6925004D44C7 /* SearchBarViewModel.swift */,
				8E928BDE2B9C7E9F004D44C7 /* DetailBookViewModel.swift */,
				8E928BEA2B9CBB19004D44C7 /* AladinWebViewModel.swift */,
			);
			path = ViewModel;
			sourceTree = "<group>";
		};
		8E2810FB2B999C98000BBD65 /* Network */ = {
			isa = PBXGroup;
			children = (
				8E2811022B999D86000BBD65 /* AladinAPI.swift */,
				8E2811042B999D92000BBD65 /* AladinAPIManager.swift */,
				8E2810FC2B999D0F000BBD65 /* Recommend.swift */,
				8E2810FE2B999D19000BBD65 /* Search.swift */,
				8E2811002B999D4B000BBD65 /* Inquiry.swift */,
			);
			path = Network;
			sourceTree = "<group>";
		};
		8E2811062B999DC9000BBD65 /* Realm */ = {
			isa = PBXGroup;
			children = (
				8E2811072B999DDB000BBD65 /* RealmModel.swift */,
			);
			path = Realm;
			sourceTree = "<group>";
		};
		8E28111E2B9A2583000BBD65 /* Cell */ = {
			isa = PBXGroup;
			children = (
				8EBF13D22B9E1AB600B1FE6D /* StorageBookCollectionViewCell.swift */,
				8EBF13CC2B9DB71D00B1FE6D /* SearchTableViewCell.swift */,
				8EBF13C62B9D980A00B1FE6D /* SearchPagerViewCell.swift */,
				8E28111F2B9A259B000BBD65 /* SearchDetailCollectionViewCell.swift */,
			);
			path = Cell;
			sourceTree = "<group>";
		};
		8E3B70292B9F562900DFEE7E /* Resources */ = {
			isa = PBXGroup;
			children = (
				8E3B702A2B9F563A00DFEE7E /* Images */,
			);
			path = Resources;
			sourceTree = "<group>";
		};
		8E3B702A2B9F563A00DFEE7E /* Images */ = {
			isa = PBXGroup;
			children = (
				8E3B702B2B9F565300DFEE7E /* LaunchScreenImage.png */,
				8E012E6C2BA01F7000DF7512 /* 2번째.png */,
			);
			path = Images;
			sourceTree = "<group>";
		};
		8EBF13DA2B9F227900B1FE6D /* Storage */ = {
			isa = PBXGroup;
			children = (
				8E2810E82B9995D6000BBD65 /* StorageBookViewController.swift */,
				8E012E7B2BA0C1DC00DF7512 /* StorageModalViewController.swift */,
				8E012E852BA2029000DF7512 /* StorageFilterModalViewController.swift */,
			);
			path = Storage;
			sourceTree = "<group>";
		};
		8EBF13DB2B9F228700B1FE6D /* Search */ = {
			isa = PBXGroup;
			children = (
				8E2810EC2B999624000BBD65 /* SearchViewController.swift */,
				8E2811152B99FF1B000BBD65 /* SearchDetailViewController.swift */,
			);
			path = Search;
			sourceTree = "<group>";
		};
		8F342C88B0E9E102ED4E9904 /* Pods */ = {
			isa = PBXGroup;
			children = (
				D42D7A15306E0B8BFD7ECBC3 /* Pods-ReadingHaracoon.debug.xcconfig */,
				C75238F593DB54967EC23BCA /* Pods-ReadingHaracoon.release.xcconfig */,
			);
			path = Pods;
			sourceTree = "<group>";
		};
/* End PBXGroup section */

/* Begin PBXNativeTarget section */
		8E2810992B998410000BBD65 /* ReadingHaracoon */ = {
			isa = PBXNativeTarget;
			buildConfigurationList = 8E2810AE2B998411000BBD65 /* Build configuration list for PBXNativeTarget "ReadingHaracoon" */;
			buildPhases = (
				CF95983AE83FA624DBE89D5A /* [CP] Check Pods Manifest.lock */,
				8E2810962B998410000BBD65 /* Sources */,
				8E2810972B998410000BBD65 /* Frameworks */,
				8E2810982B998410000BBD65 /* Resources */,
				CF28058F58AE12703EBB1E87 /* [CP] Embed Pods Frameworks */,
			);
			buildRules = (
			);
			dependencies = (
			);
			name = ReadingHaracoon;
			packageProductDependencies = (
				8E2810B92B998DD0000BBD65 /* SnapKit */,
				8E2810BC2B998DD6000BBD65 /* Then */,
				8E2810BF2B998DF5000BBD65 /* DGCharts */,
				8E2810C22B998E0E000BBD65 /* SVProgressHUD */,
				8E2810C52B998E26000BBD65 /* Alamofire */,
				8E2810C82B998E30000BBD65 /* Kingfisher */,
				8E2810CB2B998E40000BBD65 /* Toast */,
				8E2810CE2B998E57000BBD65 /* Realm */,
				8E2810D02B998E57000BBD65 /* RealmSwift */,
				8E2810D32B998E65000BBD65 /* FSCalendar */,
			);
			productName = ReadingHaracoon;
			productReference = 8E28109A2B998410000BBD65 /* ReadingHaracoon.app */;
			productType = "com.apple.product-type.application";
		};
/* End PBXNativeTarget section */

/* Begin PBXProject section */
		8E2810922B998410000BBD65 /* Project object */ = {
			isa = PBXProject;
			attributes = {
				BuildIndependentTargetsInParallel = 1;
				LastSwiftUpdateCheck = 1520;
				LastUpgradeCheck = 1520;
				TargetAttributes = {
					8E2810992B998410000BBD65 = {
						CreatedOnToolsVersion = 15.2;
					};
				};
			};
			buildConfigurationList = 8E2810952B998410000BBD65 /* Build configuration list for PBXProject "ReadingHaracoon" */;
			compatibilityVersion = "Xcode 13.0";
			developmentRegion = en;
			hasScannedForEncodings = 0;
			knownRegions = (
				en,
				Base,
				ko,
			);
			mainGroup = 8E2810912B998410000BBD65;
			packageReferences = (
				8E2810B82B998DD0000BBD65 /* XCRemoteSwiftPackageReference "SnapKit" */,
				8E2810BB2B998DD6000BBD65 /* XCRemoteSwiftPackageReference "Then" */,
				8E2810BE2B998DF5000BBD65 /* XCRemoteSwiftPackageReference "Charts" */,
				8E2810C12B998E0E000BBD65 /* XCRemoteSwiftPackageReference "SVProgressHUD" */,
				8E2810C42B998E26000BBD65 /* XCRemoteSwiftPackageReference "Alamofire" */,
				8E2810C72B998E30000BBD65 /* XCRemoteSwiftPackageReference "Kingfisher" */,
				8E2810CA2B998E40000BBD65 /* XCRemoteSwiftPackageReference "Toast-Swift" */,
				8E2810CD2B998E57000BBD65 /* XCRemoteSwiftPackageReference "realm-swift" */,
				8E2810D22B998E65000BBD65 /* XCRemoteSwiftPackageReference "FSCalendar" */,
			);
			productRefGroup = 8E28109B2B998410000BBD65 /* Products */;
			projectDirPath = "";
			projectRoot = "";
			targets = (
				8E2810992B998410000BBD65 /* ReadingHaracoon */,
			);
		};
/* End PBXProject section */

/* Begin PBXResourcesBuildPhase section */
		8E2810982B998410000BBD65 /* Resources */ = {
			isa = PBXResourcesBuildPhase;
			buildActionMask = 2147483647;
			files = (
				8E2810B52B99864F000BBD65 /* .gitignore in Resources */,
				8E012E6D2BA01F7000DF7512 /* 2번째.png in Resources */,
				8E2810D82B99906B000BBD65 /* Localizable.xcstrings in Resources */,
				8E3B70282B9F559700DFEE7E /* LaunchScreen.storyboard in Resources */,
				8E2810A72B998411000BBD65 /* Assets.xcassets in Resources */,
				8E3B702C2B9F565300DFEE7E /* LaunchScreenImage.png in Resources */,
				8E2810A52B998410000BBD65 /* Main.storyboard in Resources */,
			);
			runOnlyForDeploymentPostprocessing = 0;
		};
/* End PBXResourcesBuildPhase section */

/* Begin PBXShellScriptBuildPhase section */
		CF28058F58AE12703EBB1E87 /* [CP] Embed Pods Frameworks */ = {
			isa = PBXShellScriptBuildPhase;
			buildActionMask = 2147483647;
			files = (
			);
			inputFileListPaths = (
				"${PODS_ROOT}/Target Support Files/Pods-ReadingHaracoon/Pods-ReadingHaracoon-frameworks-${CONFIGURATION}-input-files.xcfilelist",
			);
			name = "[CP] Embed Pods Frameworks";
			outputFileListPaths = (
				"${PODS_ROOT}/Target Support Files/Pods-ReadingHaracoon/Pods-ReadingHaracoon-frameworks-${CONFIGURATION}-output-files.xcfilelist",
			);
			runOnlyForDeploymentPostprocessing = 0;
			shellPath = /bin/sh;
			shellScript = "\"${PODS_ROOT}/Target Support Files/Pods-ReadingHaracoon/Pods-ReadingHaracoon-frameworks.sh\"\n";
			showEnvVarsInLog = 0;
		};
		CF95983AE83FA624DBE89D5A /* [CP] Check Pods Manifest.lock */ = {
			isa = PBXShellScriptBuildPhase;
			buildActionMask = 2147483647;
			files = (
			);
			inputFileListPaths = (
			);
			inputPaths = (
				"${PODS_PODFILE_DIR_PATH}/Podfile.lock",
				"${PODS_ROOT}/Manifest.lock",
			);
			name = "[CP] Check Pods Manifest.lock";
			outputFileListPaths = (
			);
			outputPaths = (
				"$(DERIVED_FILE_DIR)/Pods-ReadingHaracoon-checkManifestLockResult.txt",
			);
			runOnlyForDeploymentPostprocessing = 0;
			shellPath = /bin/sh;
			shellScript = "diff \"${PODS_PODFILE_DIR_PATH}/Podfile.lock\" \"${PODS_ROOT}/Manifest.lock\" > /dev/null\nif [ $? != 0 ] ; then\n    # print error to STDERR\n    echo \"error: The sandbox is not in sync with the Podfile.lock. Run 'pod install' or update your CocoaPods installation.\" >&2\n    exit 1\nfi\n# This output is used by Xcode 'outputs' to avoid re-running this script phase.\necho \"SUCCESS\" > \"${SCRIPT_OUTPUT_FILE_0}\"\n";
			showEnvVarsInLog = 0;
		};
/* End PBXShellScriptBuildPhase section */

/* Begin PBXSourcesBuildPhase section */
		8E2810962B998410000BBD65 /* Sources */ = {
			isa = PBXSourcesBuildPhase;
			buildActionMask = 2147483647;
			files = (
				8E28110E2B99A768000BBD65 /* SearchView.swift in Sources */,
				8E012E5C2B9F7D7A00DF7512 /* BookImageView.swift in Sources */,
				8E928BDB2B9C7D8F004D44C7 /* DetailBookViewController.swift in Sources */,
				8E012E6F2BA0403700DF7512 /* CustomModalView.swift in Sources */,
				8E012E5A2B9F6B2100DF7512 /* RecommendSection.swift in Sources */,
				8E928BED2B9CC348004D44C7 /* BookRepository.swift in Sources */,
				8E928BE12B9CB374004D44C7 /* Bold18Label.swift in Sources */,
				8E928BD92B9C6925004D44C7 /* SearchBarViewModel.swift in Sources */,
				8E28110A2B99A4FE000BBD65 /* ErrorStatus.swift in Sources */,
				8E2810FF2B999D19000BBD65 /* Search.swift in Sources */,
				8E2810E32B99951E000BBD65 /* BaseViewController.swift in Sources */,
				8EBF13CF2B9DB74D00B1FE6D /* BaseTableViewCell.swift in Sources */,
				8E2810F12B999634000BBD65 /* SettingViewController.swift in Sources */,
				8E2811012B999D4B000BBD65 /* Inquiry.swift in Sources */,
				8E012E752BA0B25200DF7512 /* CustomPresentationController.swift in Sources */,
				8EBF13C92B9D996F00B1FE6D /* Identifier+.swift in Sources */,
				8E012E732BA09F0700DF7512 /* BlockView.swift in Sources */,
				8E012E842BA1EC2300DF7512 /* NotificationName.swift in Sources */,
				8E2811052B999D92000BBD65 /* AladinAPIManager.swift in Sources */,
				8EBF13D32B9E1AB600B1FE6D /* StorageBookCollectionViewCell.swift in Sources */,
				8E2811202B9A259B000BBD65 /* SearchDetailCollectionViewCell.swift in Sources */,
				8E012E6B2BA01DB000DF7512 /* TransitionDetailBook.swift in Sources */,
				8E2810E72B999568000BBD65 /* BaseCollectionViewCell.swift in Sources */,
				8E012E862BA2029000DF7512 /* StorageFilterModalViewController.swift in Sources */,
				8E28109E2B998410000BBD65 /* AppDelegate.swift in Sources */,
				8E2811032B999D86000BBD65 /* AladinAPI.swift in Sources */,
				8E2811102B99A8BF000BBD65 /* Observable.swift in Sources */,
				8EBF13C72B9D980A00B1FE6D /* SearchPagerViewCell.swift in Sources */,
				8E28111B2B9A1980000BBD65 /* SearchDetailView.swift in Sources */,
				8E2810ED2B999624000BBD65 /* SearchViewController.swift in Sources */,
				8E2810DF2B9992E1000BBD65 /* TabBarController.swift in Sources */,
				8E928BE52B9CB3D8004D44C7 /* Normal16Label.swift in Sources */,
				8E2810E52B999540000BBD65 /* BaseView.swift in Sources */,
				8E2811142B99A914000BBD65 /* SearchViewModel.swift in Sources */,
				8EBF13CB2B9D9D3200B1FE6D /* BasePagerViewCell.swift in Sources */,
				8E2810B72B998A0F000BBD65 /* APIKey.swift in Sources */,
				8E012E582B9F61F800DF7512 /* Normal14Label.swift in Sources */,
				8E2811122B99A90C000BBD65 /* StorageBookViewModel.swift in Sources */,
				8EBF13CD2B9DB71D00B1FE6D /* SearchTableViewCell.swift in Sources */,
				8E928BEB2B9CBB19004D44C7 /* AladinWebViewModel.swift in Sources */,
				8E2811082B999DDB000BBD65 /* RealmModel.swift in Sources */,
				8E928BE92B9CB9FB004D44C7 /* AladinWebView.swift in Sources */,
				8E28111D2B9A20FD000BBD65 /* TransitionStyle.swift in Sources */,
				8EBF13DF2B9F326B00B1FE6D /* UpdateView.swift in Sources */,
				8E012E7C2BA0C1DC00DF7512 /* StorageModalViewController.swift in Sources */,
				8E012E7A2BA0C04900DF7512 /* CustomTransitioningDelegate.swift in Sources */,
				8E928BE72B9CB98C004D44C7 /* AladinWebViewController.swift in Sources */,
				8E928BDD2B9C7DA8004D44C7 /* DetailBookView.swift in Sources */,
				8E2810FD2B999D0F000BBD65 /* Recommend.swift in Sources */,
				8E2810E92B9995D6000BBD65 /* StorageBookViewController.swift in Sources */,
				8E012E7E2BA0C22500DF7512 /* StorageModalView.swift in Sources */,
				8E2810EF2B99962D000BBD65 /* StatsViewController.swift in Sources */,
				8E28110C2B99A589000BBD65 /* StorageBookView.swift in Sources */,
				8E2811192B9A1976000BBD65 /* SearchDetailViewModel.swift in Sources */,
				8E2811162B99FF1B000BBD65 /* SearchDetailViewController.swift in Sources */,
				8E928BDF2B9C7E9F004D44C7 /* DetailBookViewModel.swift in Sources */,
				8E012E882BA202F300DF7512 /* StorageFilterModalView.swift in Sources */,
				8E2810A02B998410000BBD65 /* SceneDelegate.swift in Sources */,
			);
			runOnlyForDeploymentPostprocessing = 0;
		};
/* End PBXSourcesBuildPhase section */

/* Begin PBXVariantGroup section */
		8E2810A32B998410000BBD65 /* Main.storyboard */ = {
			isa = PBXVariantGroup;
			children = (
				8E2810A42B998410000BBD65 /* Base */,
			);
			name = Main.storyboard;
			sourceTree = "<group>";
		};
/* End PBXVariantGroup section */

/* Begin XCBuildConfiguration section */
		8E2810AC2B998411000BBD65 /* Debug */ = {
			isa = XCBuildConfiguration;
			buildSettings = {
				ALWAYS_SEARCH_USER_PATHS = NO;
				ASSETCATALOG_COMPILER_GENERATE_SWIFT_ASSET_SYMBOL_EXTENSIONS = YES;
				CLANG_ANALYZER_LOCALIZABILITY_NONLOCALIZED = YES;
				CLANG_ANALYZER_NONNULL = YES;
				CLANG_ANALYZER_NUMBER_OBJECT_CONVERSION = YES_AGGRESSIVE;
				CLANG_CXX_LANGUAGE_STANDARD = "gnu++20";
				CLANG_ENABLE_MODULES = YES;
				CLANG_ENABLE_OBJC_ARC = YES;
				CLANG_ENABLE_OBJC_WEAK = YES;
				CLANG_WARN_BLOCK_CAPTURE_AUTORELEASING = YES;
				CLANG_WARN_BOOL_CONVERSION = YES;
				CLANG_WARN_COMMA = YES;
				CLANG_WARN_CONSTANT_CONVERSION = YES;
				CLANG_WARN_DEPRECATED_OBJC_IMPLEMENTATIONS = YES;
				CLANG_WARN_DIRECT_OBJC_ISA_USAGE = YES_ERROR;
				CLANG_WARN_DOCUMENTATION_COMMENTS = YES;
				CLANG_WARN_EMPTY_BODY = YES;
				CLANG_WARN_ENUM_CONVERSION = YES;
				CLANG_WARN_INFINITE_RECURSION = YES;
				CLANG_WARN_INT_CONVERSION = YES;
				CLANG_WARN_NON_LITERAL_NULL_CONVERSION = YES;
				CLANG_WARN_OBJC_IMPLICIT_RETAIN_SELF = YES;
				CLANG_WARN_OBJC_LITERAL_CONVERSION = YES;
				CLANG_WARN_OBJC_ROOT_CLASS = YES_ERROR;
				CLANG_WARN_QUOTED_INCLUDE_IN_FRAMEWORK_HEADER = YES;
				CLANG_WARN_RANGE_LOOP_ANALYSIS = YES;
				CLANG_WARN_STRICT_PROTOTYPES = YES;
				CLANG_WARN_SUSPICIOUS_MOVE = YES;
				CLANG_WARN_UNGUARDED_AVAILABILITY = YES_AGGRESSIVE;
				CLANG_WARN_UNREACHABLE_CODE = YES;
				CLANG_WARN__DUPLICATE_METHOD_MATCH = YES;
				COPY_PHASE_STRIP = NO;
				DEBUG_INFORMATION_FORMAT = dwarf;
				ENABLE_STRICT_OBJC_MSGSEND = YES;
				ENABLE_TESTABILITY = YES;
				ENABLE_USER_SCRIPT_SANDBOXING = NO;
				GCC_C_LANGUAGE_STANDARD = gnu17;
				GCC_DYNAMIC_NO_PIC = NO;
				GCC_NO_COMMON_BLOCKS = YES;
				GCC_OPTIMIZATION_LEVEL = 0;
				GCC_PREPROCESSOR_DEFINITIONS = (
					"DEBUG=1",
					"$(inherited)",
				);
				GCC_WARN_64_TO_32_BIT_CONVERSION = YES;
				GCC_WARN_ABOUT_RETURN_TYPE = YES_ERROR;
				GCC_WARN_UNDECLARED_SELECTOR = YES;
				GCC_WARN_UNINITIALIZED_AUTOS = YES_AGGRESSIVE;
				GCC_WARN_UNUSED_FUNCTION = YES;
				GCC_WARN_UNUSED_VARIABLE = YES;
				IPHONEOS_DEPLOYMENT_TARGET = 17.4;
				LOCALIZATION_PREFERS_STRING_CATALOGS = YES;
				MTL_ENABLE_DEBUG_INFO = INCLUDE_SOURCE;
				MTL_FAST_MATH = YES;
				ONLY_ACTIVE_ARCH = YES;
				SDKROOT = iphoneos;
				SWIFT_ACTIVE_COMPILATION_CONDITIONS = "DEBUG $(inherited)";
				SWIFT_OPTIMIZATION_LEVEL = "-Onone";
			};
			name = Debug;
		};
		8E2810AD2B998411000BBD65 /* Release */ = {
			isa = XCBuildConfiguration;
			buildSettings = {
				ALWAYS_SEARCH_USER_PATHS = NO;
				ASSETCATALOG_COMPILER_GENERATE_SWIFT_ASSET_SYMBOL_EXTENSIONS = YES;
				CLANG_ANALYZER_LOCALIZABILITY_NONLOCALIZED = YES;
				CLANG_ANALYZER_NONNULL = YES;
				CLANG_ANALYZER_NUMBER_OBJECT_CONVERSION = YES_AGGRESSIVE;
				CLANG_CXX_LANGUAGE_STANDARD = "gnu++20";
				CLANG_ENABLE_MODULES = YES;
				CLANG_ENABLE_OBJC_ARC = YES;
				CLANG_ENABLE_OBJC_WEAK = YES;
				CLANG_WARN_BLOCK_CAPTURE_AUTORELEASING = YES;
				CLANG_WARN_BOOL_CONVERSION = YES;
				CLANG_WARN_COMMA = YES;
				CLANG_WARN_CONSTANT_CONVERSION = YES;
				CLANG_WARN_DEPRECATED_OBJC_IMPLEMENTATIONS = YES;
				CLANG_WARN_DIRECT_OBJC_ISA_USAGE = YES_ERROR;
				CLANG_WARN_DOCUMENTATION_COMMENTS = YES;
				CLANG_WARN_EMPTY_BODY = YES;
				CLANG_WARN_ENUM_CONVERSION = YES;
				CLANG_WARN_INFINITE_RECURSION = YES;
				CLANG_WARN_INT_CONVERSION = YES;
				CLANG_WARN_NON_LITERAL_NULL_CONVERSION = YES;
				CLANG_WARN_OBJC_IMPLICIT_RETAIN_SELF = YES;
				CLANG_WARN_OBJC_LITERAL_CONVERSION = YES;
				CLANG_WARN_OBJC_ROOT_CLASS = YES_ERROR;
				CLANG_WARN_QUOTED_INCLUDE_IN_FRAMEWORK_HEADER = YES;
				CLANG_WARN_RANGE_LOOP_ANALYSIS = YES;
				CLANG_WARN_STRICT_PROTOTYPES = YES;
				CLANG_WARN_SUSPICIOUS_MOVE = YES;
				CLANG_WARN_UNGUARDED_AVAILABILITY = YES_AGGRESSIVE;
				CLANG_WARN_UNREACHABLE_CODE = YES;
				CLANG_WARN__DUPLICATE_METHOD_MATCH = YES;
				COPY_PHASE_STRIP = NO;
				DEBUG_INFORMATION_FORMAT = "dwarf-with-dsym";
				ENABLE_NS_ASSERTIONS = NO;
				ENABLE_STRICT_OBJC_MSGSEND = YES;
				ENABLE_USER_SCRIPT_SANDBOXING = NO;
				GCC_C_LANGUAGE_STANDARD = gnu17;
				GCC_NO_COMMON_BLOCKS = YES;
				GCC_WARN_64_TO_32_BIT_CONVERSION = YES;
				GCC_WARN_ABOUT_RETURN_TYPE = YES_ERROR;
				GCC_WARN_UNDECLARED_SELECTOR = YES;
				GCC_WARN_UNINITIALIZED_AUTOS = YES_AGGRESSIVE;
				GCC_WARN_UNUSED_FUNCTION = YES;
				GCC_WARN_UNUSED_VARIABLE = YES;
				IPHONEOS_DEPLOYMENT_TARGET = 17.4;
				LOCALIZATION_PREFERS_STRING_CATALOGS = YES;
				MTL_ENABLE_DEBUG_INFO = NO;
				MTL_FAST_MATH = YES;
				SDKROOT = iphoneos;
				SWIFT_COMPILATION_MODE = wholemodule;
				VALIDATE_PRODUCT = YES;
			};
			name = Release;
		};
		8E2810AF2B998411000BBD65 /* Debug */ = {
			isa = XCBuildConfiguration;
			baseConfigurationReference = D42D7A15306E0B8BFD7ECBC3 /* Pods-ReadingHaracoon.debug.xcconfig */;
			buildSettings = {
				ASSETCATALOG_COMPILER_APPICON_NAME = AppIcon;
				ASSETCATALOG_COMPILER_GLOBAL_ACCENT_COLOR_NAME = AccentColor;
				CODE_SIGN_STYLE = Automatic;
				CURRENT_PROJECT_VERSION = 1;
				DEVELOPMENT_TEAM = N63SBJ4UPF;
				GENERATE_INFOPLIST_FILE = YES;
				INFOPLIST_FILE = ReadingHaracoon/Application/Info.plist;
				INFOPLIST_KEY_CFBundleDisplayName = "독서하라쿤";
				INFOPLIST_KEY_UIApplicationSupportsIndirectInputEvents = YES;
				INFOPLIST_KEY_UILaunchStoryboardName = LaunchScreen.storyboard;
				INFOPLIST_KEY_UIMainStoryboardFile = Main;
				INFOPLIST_KEY_UISupportedInterfaceOrientations = UIInterfaceOrientationPortrait;
				INFOPLIST_KEY_UISupportedInterfaceOrientations_iPad = "UIInterfaceOrientationLandscapeLeft UIInterfaceOrientationLandscapeRight UIInterfaceOrientationPortrait UIInterfaceOrientationPortraitUpsideDown";
				IPHONEOS_DEPLOYMENT_TARGET = 16.0;
				LD_RUNPATH_SEARCH_PATHS = (
					"$(inherited)",
					"@executable_path/Frameworks",
				);
				MARKETING_VERSION = 1.0;
				PRODUCT_BUNDLE_IDENTIFIER = com.youngjoo.ReadingHaracoon;
				PRODUCT_NAME = "$(TARGET_NAME)";
				SUPPORTED_PLATFORMS = "iphoneos iphonesimulator";
				SUPPORTS_MACCATALYST = NO;
				SUPPORTS_MAC_DESIGNED_FOR_IPHONE_IPAD = NO;
				SUPPORTS_XR_DESIGNED_FOR_IPHONE_IPAD = NO;
				SWIFT_EMIT_LOC_STRINGS = YES;
				SWIFT_VERSION = 5.0;
				TARGETED_DEVICE_FAMILY = 1;
			};
			name = Debug;
		};
		8E2810B02B998411000BBD65 /* Release */ = {
			isa = XCBuildConfiguration;
			baseConfigurationReference = C75238F593DB54967EC23BCA /* Pods-ReadingHaracoon.release.xcconfig */;
			buildSettings = {
				ASSETCATALOG_COMPILER_APPICON_NAME = AppIcon;
				ASSETCATALOG_COMPILER_GLOBAL_ACCENT_COLOR_NAME = AccentColor;
				CODE_SIGN_STYLE = Automatic;
				CURRENT_PROJECT_VERSION = 1;
				DEVELOPMENT_TEAM = N63SBJ4UPF;
				GENERATE_INFOPLIST_FILE = YES;
				INFOPLIST_FILE = ReadingHaracoon/Application/Info.plist;
				INFOPLIST_KEY_CFBundleDisplayName = "독서하라쿤";
				INFOPLIST_KEY_UIApplicationSupportsIndirectInputEvents = YES;
				INFOPLIST_KEY_UILaunchStoryboardName = LaunchScreen.storyboard;
				INFOPLIST_KEY_UIMainStoryboardFile = Main;
				INFOPLIST_KEY_UISupportedInterfaceOrientations = UIInterfaceOrientationPortrait;
				INFOPLIST_KEY_UISupportedInterfaceOrientations_iPad = "UIInterfaceOrientationLandscapeLeft UIInterfaceOrientationLandscapeRight UIInterfaceOrientationPortrait UIInterfaceOrientationPortraitUpsideDown";
				IPHONEOS_DEPLOYMENT_TARGET = 16.0;
				LD_RUNPATH_SEARCH_PATHS = (
					"$(inherited)",
					"@executable_path/Frameworks",
				);
				MARKETING_VERSION = 1.0;
				PRODUCT_BUNDLE_IDENTIFIER = com.youngjoo.ReadingHaracoon;
				PRODUCT_NAME = "$(TARGET_NAME)";
				SUPPORTED_PLATFORMS = "iphoneos iphonesimulator";
				SUPPORTS_MACCATALYST = NO;
				SUPPORTS_MAC_DESIGNED_FOR_IPHONE_IPAD = NO;
				SUPPORTS_XR_DESIGNED_FOR_IPHONE_IPAD = NO;
				SWIFT_EMIT_LOC_STRINGS = YES;
				SWIFT_VERSION = 5.0;
				TARGETED_DEVICE_FAMILY = 1;
			};
			name = Release;
		};
/* End XCBuildConfiguration section */

/* Begin XCConfigurationList section */
		8E2810952B998410000BBD65 /* Build configuration list for PBXProject "ReadingHaracoon" */ = {
			isa = XCConfigurationList;
			buildConfigurations = (
				8E2810AC2B998411000BBD65 /* Debug */,
				8E2810AD2B998411000BBD65 /* Release */,
			);
			defaultConfigurationIsVisible = 0;
			defaultConfigurationName = Release;
		};
		8E2810AE2B998411000BBD65 /* Build configuration list for PBXNativeTarget "ReadingHaracoon" */ = {
			isa = XCConfigurationList;
			buildConfigurations = (
				8E2810AF2B998411000BBD65 /* Debug */,
				8E2810B02B998411000BBD65 /* Release */,
			);
			defaultConfigurationIsVisible = 0;
			defaultConfigurationName = Release;
		};
/* End XCConfigurationList section */

/* Begin XCRemoteSwiftPackageReference section */
		8E2810B82B998DD0000BBD65 /* XCRemoteSwiftPackageReference "SnapKit" */ = {
			isa = XCRemoteSwiftPackageReference;
			repositoryURL = "https://github.com/SnapKit/SnapKit.git";
			requirement = {
				kind = upToNextMajorVersion;
				minimumVersion = 5.7.1;
			};
		};
		8E2810BB2B998DD6000BBD65 /* XCRemoteSwiftPackageReference "Then" */ = {
			isa = XCRemoteSwiftPackageReference;
			repositoryURL = "https://github.com/devxoul/Then.git";
			requirement = {
				kind = upToNextMajorVersion;
				minimumVersion = 3.0.0;
			};
		};
		8E2810BE2B998DF5000BBD65 /* XCRemoteSwiftPackageReference "Charts" */ = {
			isa = XCRemoteSwiftPackageReference;
			repositoryURL = "https://github.com/danielgindi/Charts.git";
			requirement = {
				kind = upToNextMajorVersion;
				minimumVersion = 5.1.0;
			};
		};
		8E2810C12B998E0E000BBD65 /* XCRemoteSwiftPackageReference "SVProgressHUD" */ = {
			isa = XCRemoteSwiftPackageReference;
			repositoryURL = "https://github.com/SVProgressHUD/SVProgressHUD.git";
			requirement = {
				kind = upToNextMajorVersion;
				minimumVersion = 2.3.1;
			};
		};
		8E2810C42B998E26000BBD65 /* XCRemoteSwiftPackageReference "Alamofire" */ = {
			isa = XCRemoteSwiftPackageReference;
			repositoryURL = "https://github.com/Alamofire/Alamofire.git";
			requirement = {
				kind = upToNextMajorVersion;
				minimumVersion = 5.9.0;
			};
		};
		8E2810C72B998E30000BBD65 /* XCRemoteSwiftPackageReference "Kingfisher" */ = {
			isa = XCRemoteSwiftPackageReference;
			repositoryURL = "https://github.com/onevcat/Kingfisher.git";
			requirement = {
				kind = upToNextMajorVersion;
				minimumVersion = 7.11.0;
			};
		};
		8E2810CA2B998E40000BBD65 /* XCRemoteSwiftPackageReference "Toast-Swift" */ = {
			isa = XCRemoteSwiftPackageReference;
			repositoryURL = "https://github.com/scalessec/Toast-Swift";
			requirement = {
				kind = upToNextMajorVersion;
				minimumVersion = 5.1.0;
			};
		};
		8E2810CD2B998E57000BBD65 /* XCRemoteSwiftPackageReference "realm-swift" */ = {
			isa = XCRemoteSwiftPackageReference;
			repositoryURL = "https://github.com/realm/realm-swift.git";
			requirement = {
				branch = master;
				kind = branch;
			};
		};
		8E2810D22B998E65000BBD65 /* XCRemoteSwiftPackageReference "FSCalendar" */ = {
			isa = XCRemoteSwiftPackageReference;
			repositoryURL = "https://github.com/WenchaoD/FSCalendar.git";
			requirement = {
				kind = upToNextMajorVersion;
				minimumVersion = 2.8.4;
			};
		};
/* End XCRemoteSwiftPackageReference section */

/* Begin XCSwiftPackageProductDependency section */
		8E2810B92B998DD0000BBD65 /* SnapKit */ = {
			isa = XCSwiftPackageProductDependency;
			package = 8E2810B82B998DD0000BBD65 /* XCRemoteSwiftPackageReference "SnapKit" */;
			productName = SnapKit;
		};
		8E2810BC2B998DD6000BBD65 /* Then */ = {
			isa = XCSwiftPackageProductDependency;
			package = 8E2810BB2B998DD6000BBD65 /* XCRemoteSwiftPackageReference "Then" */;
			productName = Then;
		};
		8E2810BF2B998DF5000BBD65 /* DGCharts */ = {
			isa = XCSwiftPackageProductDependency;
			package = 8E2810BE2B998DF5000BBD65 /* XCRemoteSwiftPackageReference "Charts" */;
			productName = DGCharts;
		};
		8E2810C22B998E0E000BBD65 /* SVProgressHUD */ = {
			isa = XCSwiftPackageProductDependency;
			package = 8E2810C12B998E0E000BBD65 /* XCRemoteSwiftPackageReference "SVProgressHUD" */;
			productName = SVProgressHUD;
		};
		8E2810C52B998E26000BBD65 /* Alamofire */ = {
			isa = XCSwiftPackageProductDependency;
			package = 8E2810C42B998E26000BBD65 /* XCRemoteSwiftPackageReference "Alamofire" */;
			productName = Alamofire;
		};
		8E2810C82B998E30000BBD65 /* Kingfisher */ = {
			isa = XCSwiftPackageProductDependency;
			package = 8E2810C72B998E30000BBD65 /* XCRemoteSwiftPackageReference "Kingfisher" */;
			productName = Kingfisher;
		};
		8E2810CB2B998E40000BBD65 /* Toast */ = {
			isa = XCSwiftPackageProductDependency;
			package = 8E2810CA2B998E40000BBD65 /* XCRemoteSwiftPackageReference "Toast-Swift" */;
			productName = Toast;
		};
		8E2810CE2B998E57000BBD65 /* Realm */ = {
			isa = XCSwiftPackageProductDependency;
			package = 8E2810CD2B998E57000BBD65 /* XCRemoteSwiftPackageReference "realm-swift" */;
			productName = Realm;
		};
		8E2810D02B998E57000BBD65 /* RealmSwift */ = {
			isa = XCSwiftPackageProductDependency;
			package = 8E2810CD2B998E57000BBD65 /* XCRemoteSwiftPackageReference "realm-swift" */;
			productName = RealmSwift;
		};
		8E2810D32B998E65000BBD65 /* FSCalendar */ = {
			isa = XCSwiftPackageProductDependency;
			package = 8E2810D22B998E65000BBD65 /* XCRemoteSwiftPackageReference "FSCalendar" */;
			productName = FSCalendar;
		};
/* End XCSwiftPackageProductDependency section */
	};
	rootObject = 8E2810922B998410000BBD65 /* Project object */;
}
